
Microsoft Visual Studio Solution File, Format Version 12.00
# Visual Studio Version 17
VisualStudioVersion = 17.0.32112.339
MinimumVisualStudioVersion = 10.0.40219.1
Project("{9A19103F-16F7-4668-BE54-9A1E7A4F7556}") = "SCG.CAD.ETAX.WEB", "SCG.CAD.ETAX.WEB\SCG.CAD.ETAX.WEB.csproj", "{E2982D7C-92E4-4ADD-A520-C94A50D0D9C4}"
EndProject
Project("{9A19103F-16F7-4668-BE54-9A1E7A4F7556}") = "SCG.CAD.ETAX.UTILITY", "SCG.CAD.ETAX.UTILITY\SCG.CAD.ETAX.UTILITY.csproj", "{8B35ABD4-1F4A-4812-B09B-03E91026830F}"
EndProject
Project("{9A19103F-16F7-4668-BE54-9A1E7A4F7556}") = "SCG.CAD.ETAX.API", "SCG.CAD.ETAX.API\SCG.CAD.ETAX.API.csproj", "{7C423A4F-4C52-4B78-AA16-FE95D379A080}"
EndProject
Project("{9A19103F-16F7-4668-BE54-9A1E7A4F7556}") = "SCG.CAD.ETAX.DAL", "SCG.CAD.ETAX.DAL\SCG.CAD.ETAX.DAL.csproj", "{453DFBCC-175C-4E7D-9AEB-E67E6D6F4B67}"
EndProject
Project("{9A19103F-16F7-4668-BE54-9A1E7A4F7556}") = "SCG.CAD.ETAX.MODEL", "SCG.CAD.ETAX.MODEL\SCG.CAD.ETAX.MODEL.csproj", "{B08A1A06-C511-4EF8-9CB4-EE776E5E9512}"
EndProject
Project("{9A19103F-16F7-4668-BE54-9A1E7A4F7556}") = "SCG.CAD.ETAX.XML.GENERATOR", "SCG.CAD.ETAX.XML.GENERATOR\SCG.CAD.ETAX.XML.GENERATOR.csproj", "{26FCC75A-791E-4B8F-B02C-CCEC09DE205F}"
EndProject
Project("{9A19103F-16F7-4668-BE54-9A1E7A4F7556}") = "SCG.CAD.ETAX.PDF.SIGN", "SCG.CAD.ETAX.PDF.SIGN\SCG.CAD.ETAX.PDF.SIGN.csproj", "{64C0425A-024F-46BE-9EBF-B9E40172FCE5}"
EndProject
Project("{9A19103F-16F7-4668-BE54-9A1E7A4F7556}") = "SCG.CAD.ETAX.XML.SIGN", "SCG.CAD.ETAX.XML.SIGN\SCG.CAD.ETAX.XML.SIGN.csproj", "{AE382A3C-9111-42D2-A3CF-3F70963C925F}"
EndProject
Project("{9A19103F-16F7-4668-BE54-9A1E7A4F7556}") = "SCG.CAD.ETAX.XML.ZIP", "SCG.CAD.ETAX.XML.ZIP\SCG.CAD.ETAX.XML.ZIP.csproj", "{CF084E0A-EA97-43B3-99F4-90F11E994A2B}"
EndProject
Project("{9A19103F-16F7-4668-BE54-9A1E7A4F7556}") = "SCG.CAD.ETAX.PRINT.ZIP", "SCG.CAD.ETAX.Print.ZIP\SCG.CAD.ETAX.PRINT.ZIP.csproj", "{40613AAA-3D2B-40AD-9F8F-9C374F8DEE97}"
EndProject
Project("{9A19103F-16F7-4668-BE54-9A1E7A4F7556}") = "SCG.CAD.ETAX.EMAIL", "SCG.CAD.ETAX.EMAIL\SCG.CAD.ETAX.EMAIL.csproj", "{1957B827-367B-4502-B15E-2BBA6644061C}"
EndProject
Project("{9A19103F-16F7-4668-BE54-9A1E7A4F7556}") = "SCG.CAD.ETAX.MONITOR", "SCG.CAD.ETAX.MONITOR\SCG.CAD.ETAX.MONITOR.csproj", "{1780629E-9466-4D84-AAA8-FC10EC1AFBC6}"
EndProject
Project("{9A19103F-16F7-4668-BE54-9A1E7A4F7556}") = "SCG.CAD.ETAX.OUTPUT.INDEXING.TO.DMS", "SCG.CAD.ETAX.OUTPUT.INDEXING.TO.DMS\SCG.CAD.ETAX.OUTPUT.INDEXING.TO.DMS.csproj", "{033247DC-AE90-42F7-AEA8-DDAA9168D840}"
EndProject
Global
	GlobalSection(SolutionConfigurationPlatforms) = preSolution
		Debug|Any CPU = Debug|Any CPU
		Release|Any CPU = Release|Any CPU
	EndGlobalSection
	GlobalSection(ProjectConfigurationPlatforms) = postSolution
		{E2982D7C-92E4-4ADD-A520-C94A50D0D9C4}.Debug|Any CPU.ActiveCfg = Debug|Any CPU
		{E2982D7C-92E4-4ADD-A520-C94A50D0D9C4}.Debug|Any CPU.Build.0 = Debug|Any CPU
		{E2982D7C-92E4-4ADD-A520-C94A50D0D9C4}.Release|Any CPU.ActiveCfg = Release|Any CPU
		{E2982D7C-92E4-4ADD-A520-C94A50D0D9C4}.Release|Any CPU.Build.0 = Release|Any CPU
		{8B35ABD4-1F4A-4812-B09B-03E91026830F}.Debug|Any CPU.ActiveCfg = Debug|Any CPU
		{8B35ABD4-1F4A-4812-B09B-03E91026830F}.Debug|Any CPU.Build.0 = Debug|Any CPU
		{8B35ABD4-1F4A-4812-B09B-03E91026830F}.Release|Any CPU.ActiveCfg = Release|Any CPU
		{8B35ABD4-1F4A-4812-B09B-03E91026830F}.Release|Any CPU.Build.0 = Release|Any CPU
		{7C423A4F-4C52-4B78-AA16-FE95D379A080}.Debug|Any CPU.ActiveCfg = Debug|Any CPU
		{7C423A4F-4C52-4B78-AA16-FE95D379A080}.Debug|Any CPU.Build.0 = Debug|Any CPU
		{7C423A4F-4C52-4B78-AA16-FE95D379A080}.Release|Any CPU.ActiveCfg = Release|Any CPU
		{7C423A4F-4C52-4B78-AA16-FE95D379A080}.Release|Any CPU.Build.0 = Release|Any CPU
		{453DFBCC-175C-4E7D-9AEB-E67E6D6F4B67}.Debug|Any CPU.ActiveCfg = Debug|Any CPU
		{453DFBCC-175C-4E7D-9AEB-E67E6D6F4B67}.Debug|Any CPU.Build.0 = Debug|Any CPU
		{453DFBCC-175C-4E7D-9AEB-E67E6D6F4B67}.Release|Any CPU.ActiveCfg = Release|Any CPU
		{453DFBCC-175C-4E7D-9AEB-E67E6D6F4B67}.Release|Any CPU.Build.0 = Release|Any CPU
		{B08A1A06-C511-4EF8-9CB4-EE776E5E9512}.Debug|Any CPU.ActiveCfg = Debug|Any CPU
		{B08A1A06-C511-4EF8-9CB4-EE776E5E9512}.Debug|Any CPU.Build.0 = Debug|Any CPU
		{B08A1A06-C511-4EF8-9CB4-EE776E5E9512}.Release|Any CPU.ActiveCfg = Release|Any CPU
		{B08A1A06-C511-4EF8-9CB4-EE776E5E9512}.Release|Any CPU.Build.0 = Release|Any CPU
		{26FCC75A-791E-4B8F-B02C-CCEC09DE205F}.Debug|Any CPU.ActiveCfg = Debug|Any CPU
		{26FCC75A-791E-4B8F-B02C-CCEC09DE205F}.Debug|Any CPU.Build.0 = Debug|Any CPU
		{26FCC75A-791E-4B8F-B02C-CCEC09DE205F}.Release|Any CPU.ActiveCfg = Release|Any CPU
		{26FCC75A-791E-4B8F-B02C-CCEC09DE205F}.Release|Any CPU.Build.0 = Release|Any CPU
		{64C0425A-024F-46BE-9EBF-B9E40172FCE5}.Debug|Any CPU.ActiveCfg = Debug|Any CPU
		{64C0425A-024F-46BE-9EBF-B9E40172FCE5}.Debug|Any CPU.Build.0 = Debug|Any CPU
		{64C0425A-024F-46BE-9EBF-B9E40172FCE5}.Release|Any CPU.ActiveCfg = Release|Any CPU
		{64C0425A-024F-46BE-9EBF-B9E40172FCE5}.Release|Any CPU.Build.0 = Release|Any CPU
		{AE382A3C-9111-42D2-A3CF-3F70963C925F}.Debug|Any CPU.ActiveCfg = Debug|Any CPU
		{AE382A3C-9111-42D2-A3CF-3F70963C925F}.Debug|Any CPU.Build.0 = Debug|Any CPU
		{AE382A3C-9111-42D2-A3CF-3F70963C925F}.Release|Any CPU.ActiveCfg = Release|Any CPU
		{AE382A3C-9111-42D2-A3CF-3F70963C925F}.Release|Any CPU.Build.0 = Release|Any CPU
		{CF084E0A-EA97-43B3-99F4-90F11E994A2B}.Debug|Any CPU.ActiveCfg = Debug|Any CPU
		{CF084E0A-EA97-43B3-99F4-90F11E994A2B}.Debug|Any CPU.Build.0 = Debug|Any CPU
		{CF084E0A-EA97-43B3-99F4-90F11E994A2B}.Release|Any CPU.ActiveCfg = Release|Any CPU
		{CF084E0A-EA97-43B3-99F4-90F11E994A2B}.Release|Any CPU.Build.0 = Release|Any CPU
		{40613AAA-3D2B-40AD-9F8F-9C374F8DEE97}.Debug|Any CPU.ActiveCfg = Debug|Any CPU
		{40613AAA-3D2B-40AD-9F8F-9C374F8DEE97}.Debug|Any CPU.Build.0 = Debug|Any CPU
		{40613AAA-3D2B-40AD-9F8F-9C374F8DEE97}.Release|Any CPU.ActiveCfg = Release|Any CPU
		{40613AAA-3D2B-40AD-9F8F-9C374F8DEE97}.Release|Any CPU.Build.0 = Release|Any CPU
		{1957B827-367B-4502-B15E-2BBA6644061C}.Debug|Any CPU.ActiveCfg = Debug|Any CPU
		{1957B827-367B-4502-B15E-2BBA6644061C}.Debug|Any CPU.Build.0 = Debug|Any CPU
		{1957B827-367B-4502-B15E-2BBA6644061C}.Release|Any CPU.ActiveCfg = Release|Any CPU
		{1957B827-367B-4502-B15E-2BBA6644061C}.Release|Any CPU.Build.0 = Release|Any CPU
		{1780629E-9466-4D84-AAA8-FC10EC1AFBC6}.Debug|Any CPU.ActiveCfg = Debug|Any CPU
		{1780629E-9466-4D84-AAA8-FC10EC1AFBC6}.Debug|Any CPU.Build.0 = Debug|Any CPU
		{1780629E-9466-4D84-AAA8-FC10EC1AFBC6}.Release|Any CPU.ActiveCfg = Release|Any CPU
		{1780629E-9466-4D84-AAA8-FC10EC1AFBC6}.Release|Any CPU.Build.0 = Release|Any CPU
		{033247DC-AE90-42F7-AEA8-DDAA9168D840}.Debug|Any CPU.ActiveCfg = Debug|Any CPU
		{033247DC-AE90-42F7-AEA8-DDAA9168D840}.Debug|Any CPU.Build.0 = Debug|Any CPU
		{033247DC-AE90-42F7-AEA8-DDAA9168D840}.Release|Any CPU.ActiveCfg = Release|Any CPU
		{033247DC-AE90-42F7-AEA8-DDAA9168D840}.Release|Any CPU.Build.0 = Release|Any CPU
	EndGlobalSection
	GlobalSection(SolutionProperties) = preSolution
		HideSolutionNode = FALSE
	EndGlobalSection
	GlobalSection(ExtensibilityGlobals) = postSolution
		SolutionGuid = {DD0A509D-EA7A-476A-8B90-7DD05C90A301}
	EndGlobalSection
EndGlobal
