
Microsoft Visual Studio Solution File, Format Version 12.00
# Visual Studio Version 17
VisualStudioVersion = 17.0.32112.339
MinimumVisualStudioVersion = 10.0.40219.1
Project("{9A19103F-16F7-4668-BE54-9A1E7A4F7556}") = "SCG.CAD.ETAX.WEB", "SCG.CAD.ETAX.WEB\SCG.CAD.ETAX.WEB.csproj", "{E2982D7C-92E4-4ADD-A520-C94A50D0D9C4}"
EndProject
Project("{9A19103F-16F7-4668-BE54-9A1E7A4F7556}") = "SCG.CAD.ETAX.UTILITY", "SCG.CAD.ETAX.UTILITY\SCG.CAD.ETAX.UTILITY.csproj", "{8B35ABD4-1F4A-4812-B09B-03E91026830F}"
EndProject
Project("{9A19103F-16F7-4668-BE54-9A1E7A4F7556}") = "SCG.CAD.ETAX.API", "SCG.CAD.ETAX.API\SCG.CAD.ETAX.API.csproj", "{7C423A4F-4C52-4B78-AA16-FE95D379A080}"
EndProject
Project("{9A19103F-16F7-4668-BE54-9A1E7A4F7556}") = "SCG.CAD.ETAX.DAL", "SCG.CAD.ETAX.DAL\SCG.CAD.ETAX.DAL.csproj", "{453DFBCC-175C-4E7D-9AEB-E67E6D6F4B67}"
EndProject
Project("{9A19103F-16F7-4668-BE54-9A1E7A4F7556}") = "SCG.CAD.ETAX.MODEL", "SCG.CAD.ETAX.MODEL\SCG.CAD.ETAX.MODEL.csproj", "{B08A1A06-C511-4EF8-9CB4-EE776E5E9512}"
EndProject
Project("{FAE04EC0-301F-11D3-BF4B-00C04F79EFBC}") = "SCG.CAD.ETAX.XML.GENERATOR", "SCG.CAD.ETAX.XML.GENERATOR\SCG.CAD.ETAX.XML.GENERATOR.csproj", "{26FCC75A-791E-4B8F-B02C-CCEC09DE205F}"
EndProject
Global
	GlobalSection(SolutionConfigurationPlatforms) = preSolution
		Debug|Any CPU = Debug|Any CPU
		Release|Any CPU = Release|Any CPU
	EndGlobalSection
	GlobalSection(ProjectConfigurationPlatforms) = postSolution
		{E2982D7C-92E4-4ADD-A520-C94A50D0D9C4}.Debug|Any CPU.ActiveCfg = Debug|Any CPU
		{E2982D7C-92E4-4ADD-A520-C94A50D0D9C4}.Debug|Any CPU.Build.0 = Debug|Any CPU
		{E2982D7C-92E4-4ADD-A520-C94A50D0D9C4}.Release|Any CPU.ActiveCfg = Release|Any CPU
		{E2982D7C-92E4-4ADD-A520-C94A50D0D9C4}.Release|Any CPU.Build.0 = Release|Any CPU
		{8B35ABD4-1F4A-4812-B09B-03E91026830F}.Debug|Any CPU.ActiveCfg = Debug|Any CPU
		{8B35ABD4-1F4A-4812-B09B-03E91026830F}.Debug|Any CPU.Build.0 = Debug|Any CPU
		{8B35ABD4-1F4A-4812-B09B-03E91026830F}.Release|Any CPU.ActiveCfg = Release|Any CPU
		{8B35ABD4-1F4A-4812-B09B-03E91026830F}.Release|Any CPU.Build.0 = Release|Any CPU
		{7C423A4F-4C52-4B78-AA16-FE95D379A080}.Debug|Any CPU.ActiveCfg = Debug|Any CPU
		{7C423A4F-4C52-4B78-AA16-FE95D379A080}.Debug|Any CPU.Build.0 = Debug|Any CPU
		{7C423A4F-4C52-4B78-AA16-FE95D379A080}.Release|Any CPU.ActiveCfg = Release|Any CPU
		{7C423A4F-4C52-4B78-AA16-FE95D379A080}.Release|Any CPU.Build.0 = Release|Any CPU
		{453DFBCC-175C-4E7D-9AEB-E67E6D6F4B67}.Debug|Any CPU.ActiveCfg = Debug|Any CPU
		{453DFBCC-175C-4E7D-9AEB-E67E6D6F4B67}.Debug|Any CPU.Build.0 = Debug|Any CPU
		{453DFBCC-175C-4E7D-9AEB-E67E6D6F4B67}.Release|Any CPU.ActiveCfg = Release|Any CPU
		{453DFBCC-175C-4E7D-9AEB-E67E6D6F4B67}.Release|Any CPU.Build.0 = Release|Any CPU
		{B08A1A06-C511-4EF8-9CB4-EE776E5E9512}.Debug|Any CPU.ActiveCfg = Debug|Any CPU
		{B08A1A06-C511-4EF8-9CB4-EE776E5E9512}.Debug|Any CPU.Build.0 = Debug|Any CPU
		{B08A1A06-C511-4EF8-9CB4-EE776E5E9512}.Release|Any CPU.ActiveCfg = Release|Any CPU
		{B08A1A06-C511-4EF8-9CB4-EE776E5E9512}.Release|Any CPU.Build.0 = Release|Any CPU
		{26FCC75A-791E-4B8F-B02C-CCEC09DE205F}.Debug|Any CPU.ActiveCfg = Debug|Any CPU
		{26FCC75A-791E-4B8F-B02C-CCEC09DE205F}.Debug|Any CPU.Build.0 = Debug|Any CPU
		{26FCC75A-791E-4B8F-B02C-CCEC09DE205F}.Release|Any CPU.ActiveCfg = Release|Any CPU
		{26FCC75A-791E-4B8F-B02C-CCEC09DE205F}.Release|Any CPU.Build.0 = Release|Any CPU
	EndGlobalSection
	GlobalSection(SolutionProperties) = preSolution
		HideSolutionNode = FALSE
	EndGlobalSection
	GlobalSection(ExtensibilityGlobals) = postSolution
		SolutionGuid = {DD0A509D-EA7A-476A-8B90-7DD05C90A301}
	EndGlobalSection
EndGlobal
